schema: '2.0'
stages:
  process:
    cmd: python src/process.py
    deps:
    - path: data/iris.csv
      hash: md5
      md5: ffc0f5d98b9f2c193deb31b2aea8d747
      size: 4583
    - path: src/process.py
      hash: md5
      md5: 36e1b1991c684d848cec1867ff986e41
      size: 1196
    params:
      params.yaml:
        data_source: data/iris.csv
        processed_data_source: data/processed/processed_iris.csv
        test_data_path: data/processed/test_iris.csv
    outs:
    - path: data/processed
      hash: md5
      md5: 22ec8cb52c60caada795dd3e20e3b13c.dir
      size: 2834
      nfiles: 2
  training:
    cmd: python src/training.py
    deps:
    - path: data/processed/processed_iris.csv
      hash: md5
      md5: 128aee5cdd7b3bbb52b567b24543c71f
      size: 2506
    - path: src/process.py
      hash: md5
      md5: 36e1b1991c684d848cec1867ff986e41
      size: 1196
    params:
      params.yaml:
        model_path: model/model.pkl
        n_estimators: 54
        processed_data_source: data/processed/processed_iris.csv
        random_state: 42
    outs:
    - path: model/model.pkl
      hash: md5
      md5: f2300138e698f7f96a82977e3ed5f161
      size: 88912
  evaluate:
    cmd: python src/evaluation.py
    deps:
    - path: data/processed/processed_iris.csv
      hash: md5
      md5: 128aee5cdd7b3bbb52b567b24543c71f
      size: 2506
    - path: data/processed/test_iris.csv
      hash: md5
      md5: 457a9f9d043a98443e06adf9dcc10f92
      size: 328
    - path: model/model.pkl
      hash: md5
      md5: f2300138e698f7f96a82977e3ed5f161
      size: 88912
    - path: src/training.py
      hash: md5
      md5: 4616c493cb0f5c28c771234043b75878
      size: 1130
    params:
      params.yaml:
        model_path: model/model.pkl
        test_data_path: data/processed/test_iris.csv
    outs:
    - path: eval
      hash: md5
      md5: 07cb51067b595f400949231a86a843c8.dir
      size: 16425
      nfiles: 2
